
Microsoft Visual Studio Solution File, Format Version 11.00
# Visual Studio 2010
Project("{E24C65DC-7377-472B-9ABA-BC803B73C61A}") = "AdminWebApp", "AdminWebApp\", "{2FFBA48F-46AB-4B49-92C1-0E081E10285F}"
	ProjectSection(WebsiteProperties) = preProject
		TargetFrameworkMoniker = ".NETFramework,Version%3Dv3.5"
		Debug.AspNetCompiler.VirtualPath = "/AdminWebApp"
		Debug.AspNetCompiler.PhysicalPath = "AdminWebApp\"
		Debug.AspNetCompiler.TargetPath = "PrecompiledWeb\AdminWebApp\"
		Debug.AspNetCompiler.Updateable = "true"
		Debug.AspNetCompiler.ForceOverwrite = "true"
		Debug.AspNetCompiler.FixedNames = "false"
		Debug.AspNetCompiler.Debug = "True"
		Release.AspNetCompiler.VirtualPath = "/AdminWebApp"
		Release.AspNetCompiler.PhysicalPath = "AdminWebApp\"
		Release.AspNetCompiler.TargetPath = "PrecompiledWeb\AdminWebApp\"
		Release.AspNetCompiler.Updateable = "true"
		Release.AspNetCompiler.ForceOverwrite = "true"
		Release.AspNetCompiler.FixedNames = "false"
		Release.AspNetCompiler.Debug = "False"
		VWDPort = "2060"
		VWDVirtualPath = "/"
	EndProjectSection
EndProject
Global
	GlobalSection(SolutionConfigurationPlatforms) = preSolution
		Debug|Any CPU = Debug|Any CPU
		Debug|Mixed Platforms = Debug|Mixed Platforms
		Debug|x86 = Debug|x86
		Release|Any CPU = Release|Any CPU
		Release|Mixed Platforms = Release|Mixed Platforms
		Release|x86 = Release|x86
	EndGlobalSection
	GlobalSection(ProjectConfigurationPlatforms) = postSolution
		{2FFBA48F-46AB-4B49-92C1-0E081E10285F}.Debug|Any CPU.ActiveCfg = Debug|Any CPU
		{2FFBA48F-46AB-4B49-92C1-0E081E10285F}.Debug|Any CPU.Build.0 = Debug|Any CPU
		{2FFBA48F-46AB-4B49-92C1-0E081E10285F}.Debug|Mixed Platforms.ActiveCfg = Debug|Any CPU
		{2FFBA48F-46AB-4B49-92C1-0E081E10285F}.Debug|Mixed Platforms.Build.0 = Debug|Any CPU
		{2FFBA48F-46AB-4B49-92C1-0E081E10285F}.Debug|x86.ActiveCfg = Debug|Any CPU
		{2FFBA48F-46AB-4B49-92C1-0E081E10285F}.Release|Any CPU.ActiveCfg = Debug|Any CPU
		{2FFBA48F-46AB-4B49-92C1-0E081E10285F}.Release|Any CPU.Build.0 = Debug|Any CPU
		{2FFBA48F-46AB-4B49-92C1-0E081E10285F}.Release|Mixed Platforms.ActiveCfg = Debug|Any CPU
		{2FFBA48F-46AB-4B49-92C1-0E081E10285F}.Release|Mixed Platforms.Build.0 = Debug|Any CPU
		{2FFBA48F-46AB-4B49-92C1-0E081E10285F}.Release|x86.ActiveCfg = Debug|Any CPU
	EndGlobalSection
	GlobalSection(SolutionProperties) = preSolution
		HideSolutionNode = FALSE
	EndGlobalSection
EndGlobal
